
Microsoft Visual Studio Solution File, Format Version 12.00
Project("{FAE04EC0-301F-11D3-BF4B-00C04F79EFBC}") = "ESA Refactoring", "ESA Refactoring.csproj", "{EBAA38B1-6233-42FD-9F80-FFD074FE4C37}"
EndProject
Project("{FAE04EC0-301F-11D3-BF4B-00C04F79EFBC}") = "Nachher", "Nachher\Nachher.csproj", "{701B4E88-1BA2-48AF-9BDB-9089AB7914B6}"
EndProject
Global
	GlobalSection(SolutionConfigurationPlatforms) = preSolution
		Debug|Any CPU = Debug|Any CPU
		Release|Any CPU = Release|Any CPU
	EndGlobalSection
	GlobalSection(ProjectConfigurationPlatforms) = postSolution
		{EBAA38B1-6233-42FD-9F80-FFD074FE4C37}.Debug|Any CPU.ActiveCfg = Debug|Any CPU
		{EBAA38B1-6233-42FD-9F80-FFD074FE4C37}.Debug|Any CPU.Build.0 = Debug|Any CPU
		{EBAA38B1-6233-42FD-9F80-FFD074FE4C37}.Release|Any CPU.ActiveCfg = Release|Any CPU
		{EBAA38B1-6233-42FD-9F80-FFD074FE4C37}.Release|Any CPU.Build.0 = Release|Any CPU
		{701B4E88-1BA2-48AF-9BDB-9089AB7914B6}.Debug|Any CPU.ActiveCfg = Debug|Any CPU
		{701B4E88-1BA2-48AF-9BDB-9089AB7914B6}.Debug|Any CPU.Build.0 = Debug|Any CPU
		{701B4E88-1BA2-48AF-9BDB-9089AB7914B6}.Release|Any CPU.ActiveCfg = Release|Any CPU
		{701B4E88-1BA2-48AF-9BDB-9089AB7914B6}.Release|Any CPU.Build.0 = Release|Any CPU
	EndGlobalSection
EndGlobal
